// !$*UTF8*$!
{
	archiveVersion = 1;
	classes = {
	};
	objectVersion = 46;
	objects = {

/* Begin PBXBuildFile section */
		062F1FB21B5E96A500402C04 /* TestClass.m in Sources */ = {isa = PBXBuildFile; fileRef = 062F1FB11B5E96A500402C04 /* TestClass.m */; };
		064F78BC1B5FC1960065CF6A /* TableViewControllerTest.m in Sources */ = {isa = PBXBuildFile; fileRef = 064F78BB1B5FC1960065CF6A /* TableViewControllerTest.m */; };
		064F78C21B5FDB9A0065CF6A /* NavigationTest.m in Sources */ = {isa = PBXBuildFile; fileRef = 064F78C11B5FDB9A0065CF6A /* NavigationTest.m */; };
		067C012B1B5E607A007F5267 /* main.m in Sources */ = {isa = PBXBuildFile; fileRef = 067C012A1B5E607A007F5267 /* main.m */; };
		067C012E1B5E607A007F5267 /* AppDelegate.m in Sources */ = {isa = PBXBuildFile; fileRef = 067C012D1B5E607A007F5267 /* AppDelegate.m */; };
		067C01311B5E607A007F5267 /* ViewController.m in Sources */ = {isa = PBXBuildFile; fileRef = 067C01301B5E607A007F5267 /* ViewController.m */; };
		067C01341B5E607A007F5267 /* Main.storyboard in Resources */ = {isa = PBXBuildFile; fileRef = 067C01321B5E607A007F5267 /* Main.storyboard */; };
		067C01361B5E607A007F5267 /* Images.xcassets in Resources */ = {isa = PBXBuildFile; fileRef = 067C01351B5E607A007F5267 /* Images.xcassets */; };
		067C01391B5E607A007F5267 /* LaunchScreen.xib in Resources */ = {isa = PBXBuildFile; fileRef = 067C01371B5E607A007F5267 /* LaunchScreen.xib */; };
		067C01451B5E607A007F5267 /* WebserviceExampleTests.m in Sources */ = {isa = PBXBuildFile; fileRef = 067C01441B5E607A007F5267 /* WebserviceExampleTests.m */; };
		0682D5121B5F763B0052C251 /* TestClassSuper.m in Sources */ = {isa = PBXBuildFile; fileRef = 0682D5111B5F763B0052C251 /* TestClassSuper.m */; };
		0689C27A1B60EB00001565D8 /* customCell.xib in Resources */ = {isa = PBXBuildFile; fileRef = 0689C2791B60EB00001565D8 /* customCell.xib */; };
		0689C2801B60EE0E001565D8 /* CustomCell.m in Sources */ = {isa = PBXBuildFile; fileRef = 0689C27F1B60EE0E001565D8 /* CustomCell.m */; };
		0689C2821B6121BB001565D8 /* 1.jpg in Resources */ = {isa = PBXBuildFile; fileRef = 0689C2811B6121BB001565D8 /* 1.jpg */; };
		ABCDAD83595AF5E865D7F7AC /* libPods-WebserviceExample.a in Frameworks */ = {isa = PBXBuildFile; fileRef = 7696840E3515E3CE65901209 /* libPods-WebserviceExample.a */; };
/* End PBXBuildFile section */

/* Begin PBXContainerItemProxy section */
		067C013F1B5E607A007F5267 /* PBXContainerItemProxy */ = {
			isa = PBXContainerItemProxy;
			containerPortal = 067C011D1B5E607A007F5267 /* Project object */;
			proxyType = 1;
			remoteGlobalIDString = 067C01241B5E607A007F5267;
			remoteInfo = WebserviceExample;
		};
/* End PBXContainerItemProxy section */

/* Begin PBXFileReference section */
		062F1FB01B5E96A500402C04 /* TestClass.h */ = {isa = PBXFileReference; fileEncoding = 4; lastKnownFileType = sourcecode.c.h; path = TestClass.h; sourceTree = "<group>"; };
		062F1FB11B5E96A500402C04 /* TestClass.m */ = {isa = PBXFileReference; fileEncoding = 4; lastKnownFileType = sourcecode.c.objc; path = TestClass.m; sourceTree = "<group>"; };
		064F78BA1B5FC1960065CF6A /* TableViewControllerTest.h */ = {isa = PBXFileReference; fileEncoding = 4; lastKnownFileType = sourcecode.c.h; path = TableViewControllerTest.h; sourceTree = "<group>"; };
		064F78BB1B5FC1960065CF6A /* TableViewControllerTest.m */ = {isa = PBXFileReference; fileEncoding = 4; lastKnownFileType = sourcecode.c.objc; path = TableViewControllerTest.m; sourceTree = "<group>"; };
		064F78C01B5FDB9A0065CF6A /* NavigationTest.h */ = {isa = PBXFileReference; fileEncoding = 4; lastKnownFileType = sourcecode.c.h; path = NavigationTest.h; sourceTree = "<group>"; };
		064F78C11B5FDB9A0065CF6A /* NavigationTest.m */ = {isa = PBXFileReference; fileEncoding = 4; lastKnownFileType = sourcecode.c.objc; path = NavigationTest.m; sourceTree = "<group>"; };
		067C01251B5E607A007F5267 /* WebserviceExample.app */ = {isa = PBXFileReference; explicitFileType = wrapper.application; includeInIndex = 0; path = WebserviceExample.app; sourceTree = BUILT_PRODUCTS_DIR; };
		067C01291B5E607A007F5267 /* Info.plist */ = {isa = PBXFileReference; lastKnownFileType = text.plist.xml; path = Info.plist; sourceTree = "<group>"; };
		067C012A1B5E607A007F5267 /* main.m */ = {isa = PBXFileReference; lastKnownFileType = sourcecode.c.objc; path = main.m; sourceTree = "<group>"; };
		067C012C1B5E607A007F5267 /* AppDelegate.h */ = {isa = PBXFileReference; lastKnownFileType = sourcecode.c.h; path = AppDelegate.h; sourceTree = "<group>"; };
		067C012D1B5E607A007F5267 /* AppDelegate.m */ = {isa = PBXFileReference; lastKnownFileType = sourcecode.c.objc; path = AppDelegate.m; sourceTree = "<group>"; };
		067C012F1B5E607A007F5267 /* ViewController.h */ = {isa = PBXFileReference; lastKnownFileType = sourcecode.c.h; path = ViewController.h; sourceTree = "<group>"; };
		067C01301B5E607A007F5267 /* ViewController.m */ = {isa = PBXFileReference; lastKnownFileType = sourcecode.c.objc; path = ViewController.m; sourceTree = "<group>"; };
		067C01331B5E607A007F5267 /* Base */ = {isa = PBXFileReference; lastKnownFileType = file.storyboard; name = Base; path = Base.lproj/Main.storyboard; sourceTree = "<group>"; };
		067C01351B5E607A007F5267 /* Images.xcassets */ = {isa = PBXFileReference; lastKnownFileType = folder.assetcatalog; path = Images.xcassets; sourceTree = "<group>"; };
		067C01381B5E607A007F5267 /* Base */ = {isa = PBXFileReference; lastKnownFileType = file.xib; name = Base; path = Base.lproj/LaunchScreen.xib; sourceTree = "<group>"; };
		067C013E1B5E607A007F5267 /* WebserviceExampleTests.xctest */ = {isa = PBXFileReference; explicitFileType = wrapper.cfbundle; includeInIndex = 0; path = WebserviceExampleTests.xctest; sourceTree = BUILT_PRODUCTS_DIR; };
		067C01431B5E607A007F5267 /* Info.plist */ = {isa = PBXFileReference; lastKnownFileType = text.plist.xml; path = Info.plist; sourceTree = "<group>"; };
		067C01441B5E607A007F5267 /* WebserviceExampleTests.m */ = {isa = PBXFileReference; lastKnownFileType = sourcecode.c.objc; path = WebserviceExampleTests.m; sourceTree = "<group>"; };
		0682D5101B5F763B0052C251 /* TestClassSuper.h */ = {isa = PBXFileReference; fileEncoding = 4; lastKnownFileType = sourcecode.c.h; path = TestClassSuper.h; sourceTree = "<group>"; };
		0682D5111B5F763B0052C251 /* TestClassSuper.m */ = {isa = PBXFileReference; fileEncoding = 4; lastKnownFileType = sourcecode.c.objc; path = TestClassSuper.m; sourceTree = "<group>"; };
		0689C2791B60EB00001565D8 /* customCell.xib */ = {isa = PBXFileReference; fileEncoding = 4; lastKnownFileType = file.xib; path = customCell.xib; sourceTree = "<group>"; };
		0689C27E1B60EE0E001565D8 /* CustomCell.h */ = {isa = PBXFileReference; fileEncoding = 4; lastKnownFileType = sourcecode.c.h; path = CustomCell.h; sourceTree = "<group>"; };
		0689C27F1B60EE0E001565D8 /* CustomCell.m */ = {isa = PBXFileReference; fileEncoding = 4; lastKnownFileType = sourcecode.c.objc; path = CustomCell.m; sourceTree = "<group>"; };
		0689C2811B6121BB001565D8 /* 1.jpg */ = {isa = PBXFileReference; lastKnownFileType = image.jpeg; path = 1.jpg; sourceTree = "<group>"; };
		7696840E3515E3CE65901209 /* libPods-WebserviceExample.a */ = {isa = PBXFileReference; explicitFileType = archive.ar; includeInIndex = 0; path = "libPods-WebserviceExample.a"; sourceTree = BUILT_PRODUCTS_DIR; };
		A2F2E0BBDAFFE925C9107A3B /* Pods-WebserviceExample.debug.xcconfig */ = {isa = PBXFileReference; includeInIndex = 1; lastKnownFileType = text.xcconfig; name = "Pods-WebserviceExample.debug.xcconfig"; path = "Pods/Target Support Files/Pods-WebserviceExample/Pods-WebserviceExample.debug.xcconfig"; sourceTree = "<group>"; };
		AAAD8DF423A97755C76D9403 /* Pods-WebserviceExample.release.xcconfig */ = {isa = PBXFileReference; includeInIndex = 1; lastKnownFileType = text.xcconfig; name = "Pods-WebserviceExample.release.xcconfig"; path = "Pods/Target Support Files/Pods-WebserviceExample/Pods-WebserviceExample.release.xcconfig"; sourceTree = "<group>"; };
/* End PBXFileReference section */

/* Begin PBXFrameworksBuildPhase section */
		067C01221B5E607A007F5267 /* Frameworks */ = {
			isa = PBXFrameworksBuildPhase;
			buildActionMask = 2147483647;
			files = (
				ABCDAD83595AF5E865D7F7AC /* libPods-WebserviceExample.a in Frameworks */,
			);
			runOnlyForDeploymentPostprocessing = 0;
		};
		067C013B1B5E607A007F5267 /* Frameworks */ = {
			isa = PBXFrameworksBuildPhase;
			buildActionMask = 2147483647;
			files = (
			);
			runOnlyForDeploymentPostprocessing = 0;
		};
/* End PBXFrameworksBuildPhase section */

/* Begin PBXGroup section */
		067C011C1B5E607A007F5267 = {
			isa = PBXGroup;
			children = (
				067C01271B5E607A007F5267 /* WebserviceExample */,
				067C01411B5E607A007F5267 /* WebserviceExampleTests */,
				067C01261B5E607A007F5267 /* Products */,
				11C68801BA5F9E23C07CB2C1 /* Pods */,
				49E6D6308322137348650642 /* Frameworks */,
			);
			sourceTree = "<group>";
		};
		067C01261B5E607A007F5267 /* Products */ = {
			isa = PBXGroup;
			children = (
				067C01251B5E607A007F5267 /* WebserviceExample.app */,
				067C013E1B5E607A007F5267 /* WebserviceExampleTests.xctest */,
			);
			name = Products;
			sourceTree = "<group>";
		};
		067C01271B5E607A007F5267 /* WebserviceExample */ = {
			isa = PBXGroup;
			children = (
				067C012C1B5E607A007F5267 /* AppDelegate.h */,
				0689C27E1B60EE0E001565D8 /* CustomCell.h */,
				0689C27F1B60EE0E001565D8 /* CustomCell.m */,
				067C012D1B5E607A007F5267 /* AppDelegate.m */,
				062F1FB01B5E96A500402C04 /* TestClass.h */,
				0682D5101B5F763B0052C251 /* TestClassSuper.h */,
				0682D5111B5F763B0052C251 /* TestClassSuper.m */,
				064F78C01B5FDB9A0065CF6A /* NavigationTest.h */,
				0689C2811B6121BB001565D8 /* 1.jpg */,
				064F78C11B5FDB9A0065CF6A /* NavigationTest.m */,
				062F1FB11B5E96A500402C04 /* TestClass.m */,
				067C012F1B5E607A007F5267 /* ViewController.h */,
				067C01301B5E607A007F5267 /* ViewController.m */,
				0689C2791B60EB00001565D8 /* customCell.xib */,
				064F78BA1B5FC1960065CF6A /* TableViewControllerTest.h */,
				064F78BB1B5FC1960065CF6A /* TableViewControllerTest.m */,
				067C01321B5E607A007F5267 /* Main.storyboard */,
				067C01351B5E607A007F5267 /* Images.xcassets */,
				067C01371B5E607A007F5267 /* LaunchScreen.xib */,
				067C01281B5E607A007F5267 /* Supporting Files */,
			);
			path = WebserviceExample;
			sourceTree = "<group>";
		};
		067C01281B5E607A007F5267 /* Supporting Files */ = {
			isa = PBXGroup;
			children = (
				067C01291B5E607A007F5267 /* Info.plist */,
				067C012A1B5E607A007F5267 /* main.m */,
			);
			name = "Supporting Files";
			sourceTree = "<group>";
		};
		067C01411B5E607A007F5267 /* WebserviceExampleTests */ = {
			isa = PBXGroup;
			children = (
				067C01441B5E607A007F5267 /* WebserviceExampleTests.m */,
				067C01421B5E607A007F5267 /* Supporting Files */,
			);
			path = WebserviceExampleTests;
			sourceTree = "<group>";
		};
		067C01421B5E607A007F5267 /* Supporting Files */ = {
			isa = PBXGroup;
			children = (
				067C01431B5E607A007F5267 /* Info.plist */,
			);
			name = "Supporting Files";
			sourceTree = "<group>";
		};
		11C68801BA5F9E23C07CB2C1 /* Pods */ = {
			isa = PBXGroup;
			children = (
				A2F2E0BBDAFFE925C9107A3B /* Pods-WebserviceExample.debug.xcconfig */,
				AAAD8DF423A97755C76D9403 /* Pods-WebserviceExample.release.xcconfig */,
			);
			name = Pods;
			sourceTree = "<group>";
		};
		49E6D6308322137348650642 /* Frameworks */ = {
			isa = PBXGroup;
			children = (
				7696840E3515E3CE65901209 /* libPods-WebserviceExample.a */,
			);
			name = Frameworks;
			sourceTree = "<group>";
		};
/* End PBXGroup section */

/* Begin PBXNativeTarget section */
		067C01241B5E607A007F5267 /* WebserviceExample */ = {
			isa = PBXNativeTarget;
			buildConfigurationList = 067C01481B5E607A007F5267 /* Build configuration list for PBXNativeTarget "WebserviceExample" */;
			buildPhases = (
				02A01E170AD21D47B2398F73 /* Check Pods Manifest.lock */,
				067C01211B5E607A007F5267 /* Sources */,
				067C01221B5E607A007F5267 /* Frameworks */,
				067C01231B5E607A007F5267 /* Resources */,
				E43CD50B82BA1A44FCB749A3 /* Copy Pods Resources */,
			);
			buildRules = (
			);
			dependencies = (
			);
			name = WebserviceExample;
			productName = WebserviceExample;
			productReference = 067C01251B5E607A007F5267 /* WebserviceExample.app */;
			productType = "com.apple.product-type.application";
		};
		067C013D1B5E607A007F5267 /* WebserviceExampleTests */ = {
			isa = PBXNativeTarget;
			buildConfigurationList = 067C014B1B5E607A007F5267 /* Build configuration list for PBXNativeTarget "WebserviceExampleTests" */;
			buildPhases = (
				067C013A1B5E607A007F5267 /* Sources */,
				067C013B1B5E607A007F5267 /* Frameworks */,
				067C013C1B5E607A007F5267 /* Resources */,
			);
			buildRules = (
			);
			dependencies = (
				067C01401B5E607A007F5267 /* PBXTargetDependency */,
			);
			name = WebserviceExampleTests;
			productName = WebserviceExampleTests;
			productReference = 067C013E1B5E607A007F5267 /* WebserviceExampleTests.xctest */;
			productType = "com.apple.product-type.bundle.unit-test";
		};
/* End PBXNativeTarget section */

/* Begin PBXProject section */
		067C011D1B5E607A007F5267 /* Project object */ = {
			isa = PBXProject;
			attributes = {
				LastUpgradeCheck = 0610;
				ORGANIZATIONNAME = KKB;
				TargetAttributes = {
					067C01241B5E607A007F5267 = {
						CreatedOnToolsVersion = 6.1.1;
					};
					067C013D1B5E607A007F5267 = {
						CreatedOnToolsVersion = 6.1.1;
						TestTargetID = 067C01241B5E607A007F5267;
					};
				};
			};
			buildConfigurationList = 067C01201B5E607A007F5267 /* Build configuration list for PBXProject "WebserviceExample" */;
			compatibilityVersion = "Xcode 3.2";
			developmentRegion = English;
			hasScannedForEncodings = 0;
			knownRegions = (
				en,
				Base,
			);
			mainGroup = 067C011C1B5E607A007F5267;
			productRefGroup = 067C01261B5E607A007F5267 /* Products */;
			projectDirPath = "";
			projectRoot = "";
			targets = (
				067C01241B5E607A007F5267 /* WebserviceExample */,
				067C013D1B5E607A007F5267 /* WebserviceExampleTests */,
			);
		};
/* End PBXProject section */

/* Begin PBXResourcesBuildPhase section */
		067C01231B5E607A007F5267 /* Resources */ = {
			isa = PBXResourcesBuildPhase;
			buildActionMask = 2147483647;
			files = (
				067C01341B5E607A007F5267 /* Main.storyboard in Resources */,
				067C01391B5E607A007F5267 /* LaunchScreen.xib in Resources */,
				0689C27A1B60EB00001565D8 /* customCell.xib in Resources */,
				067C01361B5E607A007F5267 /* Images.xcassets in Resources */,
				0689C2821B6121BB001565D8 /* 1.jpg in Resources */,
			);
			runOnlyForDeploymentPostprocessing = 0;
		};
		067C013C1B5E607A007F5267 /* Resources */ = {
			isa = PBXResourcesBuildPhase;
			buildActionMask = 2147483647;
			files = (
			);
			runOnlyForDeploymentPostprocessing = 0;
		};
/* End PBXResourcesBuildPhase section */

/* Begin PBXShellScriptBuildPhase section */
		02A01E170AD21D47B2398F73 /* Check Pods Manifest.lock */ = {
			isa = PBXShellScriptBuildPhase;
			buildActionMask = 2147483647;
			files = (
			);
			inputPaths = (
			);
			name = "Check Pods Manifest.lock";
			outputPaths = (
			);
			runOnlyForDeploymentPostprocessing = 0;
			shellPath = /bin/sh;
			shellScript = "diff \"${PODS_ROOT}/../Podfile.lock\" \"${PODS_ROOT}/Manifest.lock\" > /dev/null\nif [[ $? != 0 ]] ; then\n    cat << EOM\nerror: The sandbox is not in sync with the Podfile.lock. Run 'pod install' or update your CocoaPods installation.\nEOM\n    exit 1\nfi\n";
			showEnvVarsInLog = 0;
		};
		E43CD50B82BA1A44FCB749A3 /* Copy Pods Resources */ = {
			isa = PBXShellScriptBuildPhase;
			buildActionMask = 2147483647;
			files = (
			);
			inputPaths = (
			);
			name = "Copy Pods Resources";
			outputPaths = (
			);
			runOnlyForDeploymentPostprocessing = 0;
			shellPath = /bin/sh;
			shellScript = "\"${SRCROOT}/Pods/Target Support Files/Pods-WebserviceExample/Pods-WebserviceExample-resources.sh\"\n";
			showEnvVarsInLog = 0;
		};
/* End PBXShellScriptBuildPhase section */

/* Begin PBXSourcesBuildPhase section */
		067C01211B5E607A007F5267 /* Sources */ = {
			isa = PBXSourcesBuildPhase;
			buildActionMask = 2147483647;
			files = (
				064F78C21B5FDB9A0065CF6A /* NavigationTest.m in Sources */,
				062F1FB21B5E96A500402C04 /* TestClass.m in Sources */,
				0689C2801B60EE0E001565D8 /* CustomCell.m in Sources */,
				067C01311B5E607A007F5267 /* ViewController.m in Sources */,
				067C012E1B5E607A007F5267 /* AppDelegate.m in Sources */,
				064F78BC1B5FC1960065CF6A /* TableViewControllerTest.m in Sources */,
				067C012B1B5E607A007F5267 /* main.m in Sources */,
				0682D5121B5F763B0052C251 /* TestClassSuper.m in Sources */,
			);
			runOnlyForDeploymentPostprocessing = 0;
		};
		067C013A1B5E607A007F5267 /* Sources */ = {
			isa = PBXSourcesBuildPhase;
			buildActionMask = 2147483647;
			files = (
				067C01451B5E607A007F5267 /* WebserviceExampleTests.m in Sources */,
			);
			runOnlyForDeploymentPostprocessing = 0;
		};
/* End PBXSourcesBuildPhase section */

/* Begin PBXTargetDependency section */
		067C01401B5E607A007F5267 /* PBXTargetDependency */ = {
			isa = PBXTargetDependency;
			target = 067C01241B5E607A007F5267 /* WebserviceExample */;
			targetProxy = 067C013F1B5E607A007F5267 /* PBXContainerItemProxy */;
		};
/* End PBXTargetDependency section */

/* Begin PBXVariantGroup section */
		067C01321B5E607A007F5267 /* Main.storyboard */ = {
			isa = PBXVariantGroup;
			children = (
				067C01331B5E607A007F5267 /* Base */,
			);
			name = Main.storyboard;
			sourceTree = "<group>";
		};
		067C01371B5E607A007F5267 /* LaunchScreen.xib */ = {
			isa = PBXVariantGroup;
			children = (
				067C01381B5E607A007F5267 /* Base */,
			);
			name = LaunchScreen.xib;
			sourceTree = "<group>";
		};
/* End PBXVariantGroup section */

/* Begin XCBuildConfiguration section */
		067C01461B5E607A007F5267 /* Debug */ = {
			isa = XCBuildConfiguration;
			buildSettings = {
				ALWAYS_SEARCH_USER_PATHS = NO;
				CLANG_CXX_LANGUAGE_STANDARD = "gnu++0x";
				CLANG_CXX_LIBRARY = "libc++";
				CLANG_ENABLE_MODULES = YES;
				CLANG_ENABLE_OBJC_ARC = YES;
				CLANG_WARN_BOOL_CONVERSION = YES;
				CLANG_WARN_CONSTANT_CONVERSION = YES;
				CLANG_WARN_DIRECT_OBJC_ISA_USAGE = YES_ERROR;
				CLANG_WARN_EMPTY_BODY = YES;
				CLANG_WARN_ENUM_CONVERSION = YES;
				CLANG_WARN_INT_CONVERSION = YES;
				CLANG_WARN_OBJC_ROOT_CLASS = YES_ERROR;
				CLANG_WARN_UNREACHABLE_CODE = YES;
				CLANG_WARN__DUPLICATE_METHOD_MATCH = YES;
				"CODE_SIGN_IDENTITY[sdk=iphoneos*]" = "iPhone Developer";
				COPY_PHASE_STRIP = NO;
				ENABLE_STRICT_OBJC_MSGSEND = YES;
				GCC_C_LANGUAGE_STANDARD = gnu99;
				GCC_DYNAMIC_NO_PIC = NO;
				GCC_OPTIMIZATION_LEVEL = 0;
				GCC_PREPROCESSOR_DEFINITIONS = (
					"DEBUG=1",
					"$(inherited)",
				);
				GCC_SYMBOLS_PRIVATE_EXTERN = NO;
				GCC_WARN_64_TO_32_BIT_CONVERSION = YES;
				GCC_WARN_ABOUT_RETURN_TYPE = YES_ERROR;
				GCC_WARN_UNDECLARED_SELECTOR = YES;
				GCC_WARN_UNINITIALIZED_AUTOS = YES_AGGRESSIVE;
				GCC_WARN_UNUSED_FUNCTION = YES;
				GCC_WARN_UNUSED_VARIABLE = YES;
				IPHONEOS_DEPLOYMENT_TARGET = 8.1;
				MTL_ENABLE_DEBUG_INFO = YES;
				ONLY_ACTIVE_ARCH = YES;
				SDKROOT = iphoneos;
				TARGETED_DEVICE_FAMILY = "1,2";
			};
			name = Debug;
		};
		067C01471B5E607A007F5267 /* Release */ = {
			isa = XCBuildConfiguration;
			buildSettings = {
				ALWAYS_SEARCH_USER_PATHS = NO;
				CLANG_CXX_LANGUAGE_STANDARD = "gnu++0x";
				CLANG_CXX_LIBRARY = "libc++";
				CLANG_ENABLE_MODULES = YES;
				CLANG_ENABLE_OBJC_ARC = YES;
				CLANG_WARN_BOOL_CONVERSION = YES;
				CLANG_WARN_CONSTANT_CONVERSION = YES;
				CLANG_WARN_DIRECT_OBJC_ISA_USAGE = YES_ERROR;
				CLANG_WARN_EMPTY_BODY = YES;
				CLANG_WARN_ENUM_CONVERSION = YES;
				CLANG_WARN_INT_CONVERSION = YES;
				CLANG_WARN_OBJC_ROOT_CLASS = YES_ERROR;
				CLANG_WARN_UNREACHABLE_CODE = YES;
				CLANG_WARN__DUPLICATE_METHOD_MATCH = YES;
				"CODE_SIGN_IDENTITY[sdk=iphoneos*]" = "iPhone Developer";
				COPY_PHASE_STRIP = YES;
				ENABLE_NS_ASSERTIONS = NO;
				ENABLE_STRICT_OBJC_MSGSEND = YES;
				GCC_C_LANGUAGE_STANDARD = gnu99;
				GCC_WARN_64_TO_32_BIT_CONVERSION = YES;
				GCC_WARN_ABOUT_RETURN_TYPE = YES_ERROR;
				GCC_WARN_UNDECLARED_SELECTOR = YES;
				GCC_WARN_UNINITIALIZED_AUTOS = YES_AGGRESSIVE;
				GCC_WARN_UNUSED_FUNCTION = YES;
				GCC_WARN_UNUSED_VARIABLE = YES;
				IPHONEOS_DEPLOYMENT_TARGET = 8.1;
				MTL_ENABLE_DEBUG_INFO = NO;
				SDKROOT = iphoneos;
				TARGETED_DEVICE_FAMILY = "1,2";
				VALIDATE_PRODUCT = YES;
			};
			name = Release;
		};
		067C01491B5E607A007F5267 /* Debug */ = {
			isa = XCBuildConfiguration;
			baseConfigurationReference = A2F2E0BBDAFFE925C9107A3B /* Pods-WebserviceExample.debug.xcconfig */;
			buildSettings = {
				ASSETCATALOG_COMPILER_APPICON_NAME = AppIcon;
				INFOPLIST_FILE = WebserviceExample/Info.plist;
				LD_RUNPATH_SEARCH_PATHS = "$(inherited) @executable_path/Frameworks";
				PRODUCT_NAME = "$(TARGET_NAME)";
			};
			name = Debug;
		};
		067C014A1B5E607A007F5267 /* Release */ = {
			isa = XCBuildConfiguration;
			baseConfigurationReference = AAAD8DF423A97755C76D9403 /* Pods-WebserviceExample.release.xcconfig */;
			buildSettings = {
				ASSETCATALOG_COMPILER_APPICON_NAME = AppIcon;
				INFOPLIST_FILE = WebserviceExample/Info.plist;
				LD_RUNPATH_SEARCH_PATHS = "$(inherited) @executable_path/Frameworks";
				PRODUCT_NAME = "$(TARGET_NAME)";
			};
			name = Release;
		};
		067C014C1B5E607A007F5267 /* Debug */ = {
			isa = XCBuildConfiguration;
			buildSettings = {
				BUNDLE_LOADER = "$(TEST_HOST)";
				FRAMEWORK_SEARCH_PATHS = (
					"$(SDKROOT)/Developer/Library/Frameworks",
					"$(inherited)",
				);
				GCC_PREPROCESSOR_DEFINITIONS = (
					"DEBUG=1",
					"$(inherited)",
				);
				INFOPLIST_FILE = WebserviceExampleTests/Info.plist;
				LD_RUNPATH_SEARCH_PATHS = "$(inherited) @executable_path/Frameworks @loader_path/Frameworks";
				PRODUCT_NAME = "$(TARGET_NAME)";
				TEST_HOST = "$(BUILT_PRODUCTS_DIR)/WebserviceExample.app/WebserviceExample";
			};
			name = Debug;
		};
		067C014D1B5E607A007F5267 /* Release */ = {
			isa = XCBuildConfiguration;
			buildSettings = {
				BUNDLE_LOADER = "$(TEST_HOST)";
				FRAMEWORK_SEARCH_PATHS = (
					"$(SDKROOT)/Developer/Library/Frameworks",
					"$(inherited)",
				);
				INFOPLIST_FILE = WebserviceExampleTests/Info.plist;
				LD_RUNPATH_SEARCH_PATHS = "$(inherited) @executable_path/Frameworks @loader_path/Frameworks";
				PRODUCT_NAME = "$(TARGET_NAME)";
				TEST_HOST = "$(BUILT_PRODUCTS_DIR)/WebserviceExample.app/WebserviceExample";
			};
			name = Release;
		};
/* End XCBuildConfiguration section */

/* Begin XCConfigurationList section */
		067C01201B5E607A007F5267 /* Build configuration list for PBXProject "WebserviceExample" */ = {
			isa = XCConfigurationList;
			buildConfigurations = (
				067C01461B5E607A007F5267 /* Debug */,
				067C01471B5E607A007F5267 /* Release */,
			);
			defaultConfigurationIsVisible = 0;
			defaultConfigurationName = Release;
		};
		067C01481B5E607A007F5267 /* Build configuration list for PBXNativeTarget "WebserviceExample" */ = {
			isa = XCConfigurationList;
			buildConfigurations = (
				067C01491B5E607A007F5267 /* Debug */,
				067C014A1B5E607A007F5267 /* Release */,
			);
			defaultConfigurationIsVisible = 0;
			defaultConfigurationName = Release;
		};
		067C014B1B5E607A007F5267 /* Build configuration list for PBXNativeTarget "WebserviceExampleTests" */ = {
			isa = XCConfigurationList;
			buildConfigurations = (
				067C014C1B5E607A007F5267 /* Debug */,
				067C014D1B5E607A007F5267 /* Release */,
			);
			defaultConfigurationIsVisible = 0;
			defaultConfigurationName = Release;
		};
/* End XCConfigurationList section */
	};
	rootObject = 067C011D1B5E607A007F5267 /* Project object */;
}
